
Microsoft Visual Studio Solution File, Format Version 12.00
# Visual Studio 15
VisualStudioVersion = 15.0.28307.572
MinimumVisualStudioVersion = 10.0.40219.1
Project("{FAE04EC0-301F-11D3-BF4B-00C04F79EFBC}") = "TP4_SIM", "TP4_SIM\TP4_SIM.csproj", "{5F39ADBF-3D24-4BE3-B008-0E0E93ED53ED}"
EndProject
Global
	GlobalSection(SolutionConfigurationPlatforms) = preSolution
		Debug|Any CPU = Debug|Any CPU
		Release|Any CPU = Release|Any CPU
	EndGlobalSection
	GlobalSection(ProjectConfigurationPlatforms) = postSolution
		{5F39ADBF-3D24-4BE3-B008-0E0E93ED53ED}.Debug|Any CPU.ActiveCfg = Debug|Any CPU
		{5F39ADBF-3D24-4BE3-B008-0E0E93ED53ED}.Debug|Any CPU.Build.0 = Debug|Any CPU
		{5F39ADBF-3D24-4BE3-B008-0E0E93ED53ED}.Release|Any CPU.ActiveCfg = Release|Any CPU
		{5F39ADBF-3D24-4BE3-B008-0E0E93ED53ED}.Release|Any CPU.Build.0 = Release|Any CPU
	EndGlobalSection
	GlobalSection(SolutionProperties) = preSolution
		HideSolutionNode = FALSE
	EndGlobalSection
	GlobalSection(ExtensibilityGlobals) = postSolution
		SolutionGuid = {27E8402D-5664-4E00-9115-B3658E48FF77}
	EndGlobalSection
EndGlobal
